// !$*UTF8*$!
{
	archiveVersion = 1;
	classes = {
	};
	objectVersion = 50;
	objects = {

/* Begin PBXBuildFile section */
		CE910E0D25A6812B003BA2A9 /* AppDelegate.swift in Sources */ = {isa = PBXBuildFile; fileRef = CE910E0C25A6812B003BA2A9 /* AppDelegate.swift */; };
		CE910E0F25A6812B003BA2A9 /* SceneDelegate.swift in Sources */ = {isa = PBXBuildFile; fileRef = CE910E0E25A6812B003BA2A9 /* SceneDelegate.swift */; };
		CE910E1125A6812B003BA2A9 /* ViewController.swift in Sources */ = {isa = PBXBuildFile; fileRef = CE910E1025A6812B003BA2A9 /* ViewController.swift */; };
		CE910E1425A6812B003BA2A9 /* Main.storyboard in Resources */ = {isa = PBXBuildFile; fileRef = CE910E1225A6812B003BA2A9 /* Main.storyboard */; };
		CE910E1625A6812E003BA2A9 /* Assets.xcassets in Resources */ = {isa = PBXBuildFile; fileRef = CE910E1525A6812E003BA2A9 /* Assets.xcassets */; };
		CE910E1925A6812E003BA2A9 /* LaunchScreen.storyboard in Resources */ = {isa = PBXBuildFile; fileRef = CE910E1725A6812E003BA2A9 /* LaunchScreen.storyboard */; };
/* End PBXBuildFile section */

/* Begin PBXFileReference section */
		CE910E0925A6812B003BA2A9 /* avito-ios-internship.app */ = {isa = PBXFileReference; explicitFileType = wrapper.application; includeInIndex = 0; path = "avito-ios-internship.app"; sourceTree = BUILT_PRODUCTS_DIR; };
		CE910E0C25A6812B003BA2A9 /* AppDelegate.swift */ = {isa = PBXFileReference; lastKnownFileType = sourcecode.swift; path = AppDelegate.swift; sourceTree = "<group>"; };
		CE910E0E25A6812B003BA2A9 /* SceneDelegate.swift */ = {isa = PBXFileReference; lastKnownFileType = sourcecode.swift; path = SceneDelegate.swift; sourceTree = "<group>"; };
		CE910E1025A6812B003BA2A9 /* ViewController.swift */ = {isa = PBXFileReference; lastKnownFileType = sourcecode.swift; path = ViewController.swift; sourceTree = "<group>"; };
		CE910E1325A6812B003BA2A9 /* Base */ = {isa = PBXFileReference; lastKnownFileType = file.storyboard; name = Base; path = Base.lproj/Main.storyboard; sourceTree = "<group>"; };
		CE910E1525A6812E003BA2A9 /* Assets.xcassets */ = {isa = PBXFileReference; lastKnownFileType = folder.assetcatalog; path = Assets.xcassets; sourceTree = "<group>"; };
		CE910E1825A6812E003BA2A9 /* Base */ = {isa = PBXFileReference; lastKnownFileType = file.storyboard; name = Base; path = Base.lproj/LaunchScreen.storyboard; sourceTree = "<group>"; };
		CE910E1A25A6812E003BA2A9 /* Info.plist */ = {isa = PBXFileReference; lastKnownFileType = text.plist.xml; path = Info.plist; sourceTree = "<group>"; };
/* End PBXFileReference section */

/* Begin PBXFrameworksBuildPhase section */
		CE910E0625A6812B003BA2A9 /* Frameworks */ = {
			isa = PBXFrameworksBuildPhase;
			buildActionMask = 2147483647;
			files = (
			);
			runOnlyForDeploymentPostprocessing = 0;
		};
/* End PBXFrameworksBuildPhase section */

/* Begin PBXGroup section */
		CE910E0025A6812B003BA2A9 = {
			isa = PBXGroup;
			children = (
				CE910E0B25A6812B003BA2A9 /* avito-ios-internship */,
				CE910E0A25A6812B003BA2A9 /* Products */,
			);
			sourceTree = "<group>";
		};
		CE910E0A25A6812B003BA2A9 /* Products */ = {
			isa = PBXGroup;
			children = (
				CE910E0925A6812B003BA2A9 /* avito-ios-internship.app */,
			);
			name = Products;
			sourceTree = "<group>";
		};
		CE910E0B25A6812B003BA2A9 /* avito-ios-internship */ = {
			isa = PBXGroup;
			children = (
				CE910E0C25A6812B003BA2A9 /* AppDelegate.swift */,
				CE910E0E25A6812B003BA2A9 /* SceneDelegate.swift */,
				CE910E1025A6812B003BA2A9 /* ViewController.swift */,
				CE910E1225A6812B003BA2A9 /* Main.storyboard */,
				CE910E1525A6812E003BA2A9 /* Assets.xcassets */,
				CE910E1725A6812E003BA2A9 /* LaunchScreen.storyboard */,
				CE910E1A25A6812E003BA2A9 /* Info.plist */,
			);
			path = "avito-ios-internship";
			sourceTree = "<group>";
		};
/* End PBXGroup section */

/* Begin PBXNativeTarget section */
		CE910E0825A6812B003BA2A9 /* avito-ios-internship */ = {
			isa = PBXNativeTarget;
			buildConfigurationList = CE910E1D25A6812E003BA2A9 /* Build configuration list for PBXNativeTarget "avito-ios-internship" */;
			buildPhases = (
				CE910E0525A6812B003BA2A9 /* Sources */,
				CE910E0625A6812B003BA2A9 /* Frameworks */,
				CE910E0725A6812B003BA2A9 /* Resources */,
			);
			buildRules = (
			);
			dependencies = (
			);
			name = "avito-ios-internship";
			productName = "avito-ios-internship";
			productReference = CE910E0925A6812B003BA2A9 /* avito-ios-internship.app */;
			productType = "com.apple.product-type.application";
		};
/* End PBXNativeTarget section */

/* Begin PBXProject section */
		CE910E0125A6812B003BA2A9 /* Project object */ = {
			isa = PBXProject;
			attributes = {
				LastSwiftUpdateCheck = 1230;
				LastUpgradeCheck = 1230;
				TargetAttributes = {
					CE910E0825A6812B003BA2A9 = {
						CreatedOnToolsVersion = 12.3;
					};
				};
			};
			buildConfigurationList = CE910E0425A6812B003BA2A9 /* Build configuration list for PBXProject "avito-ios-internship" */;
			compatibilityVersion = "Xcode 9.3";
			developmentRegion = en;
			hasScannedForEncodings = 0;
			knownRegions = (
				en,
				Base,
			);
			mainGroup = CE910E0025A6812B003BA2A9;
			productRefGroup = CE910E0A25A6812B003BA2A9 /* Products */;
			projectDirPath = "";
			projectRoot = "";
			targets = (
				CE910E0825A6812B003BA2A9 /* avito-ios-internship */,
			);
		};
/* End PBXProject section */

/* Begin PBXResourcesBuildPhase section */
		CE910E0725A6812B003BA2A9 /* Resources */ = {
			isa = PBXResourcesBuildPhase;
			buildActionMask = 2147483647;
			files = (
				CE910E1925A6812E003BA2A9 /* LaunchScreen.storyboard in Resources */,
				CE910E1625A6812E003BA2A9 /* Assets.xcassets in Resources */,
				CE910E1425A6812B003BA2A9 /* Main.storyboard in Resources */,
			);
			runOnlyForDeploymentPostprocessing = 0;
		};
/* End PBXResourcesBuildPhase section */

/* Begin PBXSourcesBuildPhase section */
		CE910E0525A6812B003BA2A9 /* Sources */ = {
			isa = PBXSourcesBuildPhase;
			buildActionMask = 2147483647;
			files = (
				CE910E1125A6812B003BA2A9 /* ViewController.swift in Sources */,
				CE910E0D25A6812B003BA2A9 /* AppDelegate.swift in Sources */,
				CE910E0F25A6812B003BA2A9 /* SceneDelegate.swift in Sources */,
			);
			runOnlyForDeploymentPostprocessing = 0;
		};
/* End PBXSourcesBuildPhase section */

/* Begin PBXVariantGroup section */
		CE910E1225A6812B003BA2A9 /* Main.storyboard */ = {
			isa = PBXVariantGroup;
			children = (
				CE910E1325A6812B003BA2A9 /* Base */,
			);
			name = Main.storyboard;
			sourceTree = "<group>";
		};
		CE910E1725A6812E003BA2A9 /* LaunchScreen.storyboard */ = {
			isa = PBXVariantGroup;
			children = (
				CE910E1825A6812E003BA2A9 /* Base */,
			);
			name = LaunchScreen.storyboard;
			sourceTree = "<group>";
		};
/* End PBXVariantGroup section */

/* Begin XCBuildConfiguration section */
		CE910E1B25A6812E003BA2A9 /* Debug */ = {
			isa = XCBuildConfiguration;
			buildSettings = {
				ALWAYS_SEARCH_USER_PATHS = NO;
				CLANG_ANALYZER_NONNULL = YES;
				CLANG_ANALYZER_NUMBER_OBJECT_CONVERSION = YES_AGGRESSIVE;
				CLANG_CXX_LANGUAGE_STANDARD = "gnu++14";
				CLANG_CXX_LIBRARY = "libc++";
				CLANG_ENABLE_MODULES = YES;
				CLANG_ENABLE_OBJC_ARC = YES;
				CLANG_ENABLE_OBJC_WEAK = YES;
				CLANG_WARN_BLOCK_CAPTURE_AUTORELEASING = YES;
				CLANG_WARN_BOOL_CONVERSION = YES;
				CLANG_WARN_COMMA = YES;
				CLANG_WARN_CONSTANT_CONVERSION = YES;
				CLANG_WARN_DEPRECATED_OBJC_IMPLEMENTATIONS = YES;
				CLANG_WARN_DIRECT_OBJC_ISA_USAGE = YES_ERROR;
				CLANG_WARN_DOCUMENTATION_COMMENTS = YES;
				CLANG_WARN_EMPTY_BODY = YES;
				CLANG_WARN_ENUM_CONVERSION = YES;
				CLANG_WARN_INFINITE_RECURSION = YES;
				CLANG_WARN_INT_CONVERSION = YES;
				CLANG_WARN_NON_LITERAL_NULL_CONVERSION = YES;
				CLANG_WARN_OBJC_IMPLICIT_RETAIN_SELF = YES;
				CLANG_WARN_OBJC_LITERAL_CONVERSION = YES;
				CLANG_WARN_OBJC_ROOT_CLASS = YES_ERROR;
				CLANG_WARN_QUOTED_INCLUDE_IN_FRAMEWORK_HEADER = YES;
				CLANG_WARN_RANGE_LOOP_ANALYSIS = YES;
				CLANG_WARN_STRICT_PROTOTYPES = YES;
				CLANG_WARN_SUSPICIOUS_MOVE = YES;
				CLANG_WARN_UNGUARDED_AVAILABILITY = YES_AGGRESSIVE;
				CLANG_WARN_UNREACHABLE_CODE = YES;
				CLANG_WARN__DUPLICATE_METHOD_MATCH = YES;
				COPY_PHASE_STRIP = NO;
				DEBUG_INFORMATION_FORMAT = dwarf;
				ENABLE_STRICT_OBJC_MSGSEND = YES;
				ENABLE_TESTABILITY = YES;
				GCC_C_LANGUAGE_STANDARD = gnu11;
				GCC_DYNAMIC_NO_PIC = NO;
				GCC_NO_COMMON_BLOCKS = YES;
				GCC_OPTIMIZATION_LEVEL = 0;
				GCC_PREPROCESSOR_DEFINITIONS = (
					"DEBUG=1",
					"$(inherited)",
				);
				GCC_WARN_64_TO_32_BIT_CONVERSION = YES;
				GCC_WARN_ABOUT_RETURN_TYPE = YES_ERROR;
				GCC_WARN_UNDECLARED_SELECTOR = YES;
				GCC_WARN_UNINITIALIZED_AUTOS = YES_AGGRESSIVE;
				GCC_WARN_UNUSED_FUNCTION = YES;
				GCC_WARN_UNUSED_VARIABLE = YES;
				IPHONEOS_DEPLOYMENT_TARGET = 14.3;
				MTL_ENABLE_DEBUG_INFO = INCLUDE_SOURCE;
				MTL_FAST_MATH = YES;
				ONLY_ACTIVE_ARCH = YES;
				SDKROOT = iphoneos;
				SWIFT_ACTIVE_COMPILATION_CONDITIONS = DEBUG;
				SWIFT_OPTIMIZATION_LEVEL = "-Onone";
			};
			name = Debug;
		};
		CE910E1C25A6812E003BA2A9 /* Release */ = {
			isa = XCBuildConfiguration;
			buildSettings = {
				ALWAYS_SEARCH_USER_PATHS = NO;
				CLANG_ANALYZER_NONNULL = YES;
				CLANG_ANALYZER_NUMBER_OBJECT_CONVERSION = YES_AGGRESSIVE;
				CLANG_CXX_LANGUAGE_STANDARD = "gnu++14";
				CLANG_CXX_LIBRARY = "libc++";
				CLANG_ENABLE_MODULES = YES;
				CLANG_ENABLE_OBJC_ARC = YES;
				CLANG_ENABLE_OBJC_WEAK = YES;
				CLANG_WARN_BLOCK_CAPTURE_AUTORELEASING = YES;
				CLANG_WARN_BOOL_CONVERSION = YES;
				CLANG_WARN_COMMA = YES;
				CLANG_WARN_CONSTANT_CONVERSION = YES;
				CLANG_WARN_DEPRECATED_OBJC_IMPLEMENTATIONS = YES;
				CLANG_WARN_DIRECT_OBJC_ISA_USAGE = YES_ERROR;
				CLANG_WARN_DOCUMENTATION_COMMENTS = YES;
				CLANG_WARN_EMPTY_BODY = YES;
				CLANG_WARN_ENUM_CONVERSION = YES;
				CLANG_WARN_INFINITE_RECURSION = YES;
				CLANG_WARN_INT_CONVERSION = YES;
				CLANG_WARN_NON_LITERAL_NULL_CONVERSION = YES;
				CLANG_WARN_OBJC_IMPLICIT_RETAIN_SELF = YES;
				CLANG_WARN_OBJC_LITERAL_CONVERSION = YES;
				CLANG_WARN_OBJC_ROOT_CLASS = YES_ERROR;
				CLANG_WARN_QUOTED_INCLUDE_IN_FRAMEWORK_HEADER = YES;
				CLANG_WARN_RANGE_LOOP_ANALYSIS = YES;
				CLANG_WARN_STRICT_PROTOTYPES = YES;
				CLANG_WARN_SUSPICIOUS_MOVE = YES;
				CLANG_WARN_UNGUARDED_AVAILABILITY = YES_AGGRESSIVE;
				CLANG_WARN_UNREACHABLE_CODE = YES;
				CLANG_WARN__DUPLICATE_METHOD_MATCH = YES;
				COPY_PHASE_STRIP = NO;
				DEBUG_INFORMATION_FORMAT = "dwarf-with-dsym";
				ENABLE_NS_ASSERTIONS = NO;
				ENABLE_STRICT_OBJC_MSGSEND = YES;
				GCC_C_LANGUAGE_STANDARD = gnu11;
				GCC_NO_COMMON_BLOCKS = YES;
				GCC_WARN_64_TO_32_BIT_CONVERSION = YES;
				GCC_WARN_ABOUT_RETURN_TYPE = YES_ERROR;
				GCC_WARN_UNDECLARED_SELECTOR = YES;
				GCC_WARN_UNINITIALIZED_AUTOS = YES_AGGRESSIVE;
				GCC_WARN_UNUSED_FUNCTION = YES;
				GCC_WARN_UNUSED_VARIABLE = YES;
				IPHONEOS_DEPLOYMENT_TARGET = 14.3;
				MTL_ENABLE_DEBUG_INFO = NO;
				MTL_FAST_MATH = YES;
				SDKROOT = iphoneos;
				SWIFT_COMPILATION_MODE = wholemodule;
				SWIFT_OPTIMIZATION_LEVEL = "-O";
				VALIDATE_PRODUCT = YES;
			};
			name = Release;
		};
		CE910E1E25A6812E003BA2A9 /* Debug */ = {
			isa = XCBuildConfiguration;
			buildSettings = {
				ASSETCATALOG_COMPILER_APPICON_NAME = AppIcon;
				ASSETCATALOG_COMPILER_GLOBAL_ACCENT_COLOR_NAME = AccentColor;
				CODE_SIGN_STYLE = Automatic;
				DEVELOPMENT_TEAM = YP62A52W5G;
				INFOPLIST_FILE = "avito-ios-internship/Info.plist";
				LD_RUNPATH_SEARCH_PATHS = (
					"$(inherited)",
					"@executable_path/Frameworks",
				);
				PRODUCT_BUNDLE_IDENTIFIER = "com.smartduck.avito-ios-internship";
				PRODUCT_NAME = "$(TARGET_NAME)";
				SWIFT_VERSION = 5.0;
				TARGETED_DEVICE_FAMILY = "1,2";
			};
			name = Debug;
		};
		CE910E1F25A6812E003BA2A9 /* Release */ = {
			isa = XCBuildConfiguration;
			buildSettings = {
				ASSETCATALOG_COMPILER_APPICON_NAME = AppIcon;
				ASSETCATALOG_COMPILER_GLOBAL_ACCENT_COLOR_NAME = AccentColor;
				CODE_SIGN_STYLE = Automatic;
				DEVELOPMENT_TEAM = YP62A52W5G;
				INFOPLIST_FILE = "avito-ios-internship/Info.plist";
				LD_RUNPATH_SEARCH_PATHS = (
					"$(inherited)",
					"@executable_path/Frameworks",
				);
				PRODUCT_BUNDLE_IDENTIFIER = "com.smartduck.avito-ios-internship";
				PRODUCT_NAME = "$(TARGET_NAME)";
				SWIFT_VERSION = 5.0;
				TARGETED_DEVICE_FAMILY = "1,2";
			};
			name = Release;
		};
/* End XCBuildConfiguration section */

/* Begin XCConfigurationList section */
		CE910E0425A6812B003BA2A9 /* Build configuration list for PBXProject "avito-ios-internship" */ = {
			isa = XCConfigurationList;
			buildConfigurations = (
				CE910E1B25A6812E003BA2A9 /* Debug */,
				CE910E1C25A6812E003BA2A9 /* Release */,
			);
			defaultConfigurationIsVisible = 0;
			defaultConfigurationName = Release;
		};
		CE910E1D25A6812E003BA2A9 /* Build configuration list for PBXNativeTarget "avito-ios-internship" */ = {
			isa = XCConfigurationList;
			buildConfigurations = (
				CE910E1E25A6812E003BA2A9 /* Debug */,
				CE910E1F25A6812E003BA2A9 /* Release */,
			);
			defaultConfigurationIsVisible = 0;
			defaultConfigurationName = Release;
		};
/* End XCConfigurationList section */
	};
	rootObject = CE910E0125A6812B003BA2A9 /* Project object */;
}
